
Microsoft Visual Studio Solution File, Format Version 12.00
# Visual Studio Version 17
VisualStudioVersion = 17.0.32112.339
MinimumVisualStudioVersion = 10.0.40219.1
Project("{FAE04EC0-301F-11D3-BF4B-00C04F79EFBC}") = "InvoiceDB", "InvoiceDB.csproj", "{3E8BFB47-8073-4884-985E-4BD9833EE582}"
EndProject
Global
	GlobalSection(SolutionConfigurationPlatforms) = preSolution
		Debug|Any CPU = Debug|Any CPU
		Release|Any CPU = Release|Any CPU
	EndGlobalSection
	GlobalSection(ProjectConfigurationPlatforms) = postSolution
		{3E8BFB47-8073-4884-985E-4BD9833EE582}.Debug|Any CPU.ActiveCfg = Debug|Any CPU
		{3E8BFB47-8073-4884-985E-4BD9833EE582}.Debug|Any CPU.Build.0 = Debug|Any CPU
		{3E8BFB47-8073-4884-985E-4BD9833EE582}.Release|Any CPU.ActiveCfg = Release|Any CPU
		{3E8BFB47-8073-4884-985E-4BD9833EE582}.Release|Any CPU.Build.0 = Release|Any CPU
	EndGlobalSection
	GlobalSection(SolutionProperties) = preSolution
		HideSolutionNode = FALSE
	EndGlobalSection
	GlobalSection(ExtensibilityGlobals) = postSolution
		SolutionGuid = {930E5CB9-34C0-450A-9547-FD5164F8A710}
	EndGlobalSection
EndGlobal
